// !$*UTF8*$!
{
	archiveVersion = 1;
	classes = {
	};
	objectVersion = 56;
	objects = {

/* Begin PBXBuildFile section */
		730DC5CC2C411D840093F816 /* notepalApp.swift in Sources */ = {isa = PBXBuildFile; fileRef = 730DC5CB2C411D840093F816 /* notepalApp.swift */; };
		730DC5CE2C411D840093F816 /* ContentView.swift in Sources */ = {isa = PBXBuildFile; fileRef = 730DC5CD2C411D840093F816 /* ContentView.swift */; };
		730DC5D02C411D860093F816 /* Assets.xcassets in Resources */ = {isa = PBXBuildFile; fileRef = 730DC5CF2C411D860093F816 /* Assets.xcassets */; };
		730DC5D42C411D860093F816 /* Preview Assets.xcassets in Resources */ = {isa = PBXBuildFile; fileRef = 730DC5D32C411D860093F816 /* Preview Assets.xcassets */; };
		EF776CCF2C4129D200C8D119 /* ChecklistModel.swift in Sources */ = {isa = PBXBuildFile; fileRef = EF776CC82C4129D200C8D119 /* ChecklistModel.swift */; };
		EF776CD02C4129D200C8D119 /* NoteLogModel.swift in Sources */ = {isa = PBXBuildFile; fileRef = EF776CC92C4129D200C8D119 /* NoteLogModel.swift */; };
		EF776CD12C4129D200C8D119 /* HabitCategoryModel.swift in Sources */ = {isa = PBXBuildFile; fileRef = EF776CCA2C4129D200C8D119 /* HabitCategoryModel.swift */; };
		EF776CD22C4129D200C8D119 /* HabitLogModel.swift in Sources */ = {isa = PBXBuildFile; fileRef = EF776CCB2C4129D200C8D119 /* HabitLogModel.swift */; };
		EF776CD32C4129D200C8D119 /* HabitModel.swift in Sources */ = {isa = PBXBuildFile; fileRef = EF776CCC2C4129D200C8D119 /* HabitModel.swift */; };
		EF776CD42C4129D200C8D119 /* NoteModel.swift in Sources */ = {isa = PBXBuildFile; fileRef = EF776CCD2C4129D200C8D119 /* NoteModel.swift */; };
		EF776CD52C4129D200C8D119 /* FolderModel.swift in Sources */ = {isa = PBXBuildFile; fileRef = EF776CCE2C4129D200C8D119 /* FolderModel.swift */; };
		EF776CD72C4129DF00C8D119 /* ToggleCheckboxStyle.swift in Sources */ = {isa = PBXBuildFile; fileRef = EF776CD62C4129DF00C8D119 /* ToggleCheckboxStyle.swift */; };
		EF776D142C412AB800C8D119 /* HabitView.swift in Sources */ = {isa = PBXBuildFile; fileRef = EF776D122C412AB800C8D119 /* HabitView.swift */; };
		EF776D152C412AB800C8D119 /* HabitViewModel.swift in Sources */ = {isa = PBXBuildFile; fileRef = EF776D132C412AB800C8D119 /* HabitViewModel.swift */; };
		EF776D192C412AF700C8D119 /* HabitCard.swift in Sources */ = {isa = PBXBuildFile; fileRef = EF776D172C412AF700C8D119 /* HabitCard.swift */; };
		EF776D1A2C412AF700C8D119 /* FolderCard.swift in Sources */ = {isa = PBXBuildFile; fileRef = EF776D182C412AF700C8D119 /* FolderCard.swift */; };
		EF776D1D2C412B0F00C8D119 /* NoteView.swift in Sources */ = {isa = PBXBuildFile; fileRef = EF776D1B2C412B0F00C8D119 /* NoteView.swift */; };
		EF776D1E2C412B0F00C8D119 /* NoteViewModel.swift in Sources */ = {isa = PBXBuildFile; fileRef = EF776D1C2C412B0F00C8D119 /* NoteViewModel.swift */; };
		EF776D212C412B1C00C8D119 /* RepeatNoteDialog.swift in Sources */ = {isa = PBXBuildFile; fileRef = EF776D1F2C412B1C00C8D119 /* RepeatNoteDialog.swift */; };
		EF776D222C412B1C00C8D119 /* TextView.swift in Sources */ = {isa = PBXBuildFile; fileRef = EF776D202C412B1C00C8D119 /* TextView.swift */; };
		EF776D262C412BB200C8D119 /* HabitManager.swift in Sources */ = {isa = PBXBuildFile; fileRef = EF776D242C412BB200C8D119 /* HabitManager.swift */; };
		EF776D272C412BB200C8D119 /* SpeechRecognizer.swift in Sources */ = {isa = PBXBuildFile; fileRef = EF776D252C412BB200C8D119 /* SpeechRecognizer.swift */; };
		EF776D292C412D5B00C8D119 /* SpeechButton.swift in Sources */ = {isa = PBXBuildFile; fileRef = EF776D282C412D5B00C8D119 /* SpeechButton.swift */; };
/* End PBXBuildFile section */

/* Begin PBXFileReference section */
		730DC5C82C411D840093F816 /* notepal.app */ = {isa = PBXFileReference; explicitFileType = wrapper.application; includeInIndex = 0; path = notepal.app; sourceTree = BUILT_PRODUCTS_DIR; };
		730DC5CB2C411D840093F816 /* notepalApp.swift */ = {isa = PBXFileReference; lastKnownFileType = sourcecode.swift; path = notepalApp.swift; sourceTree = "<group>"; };
		730DC5CD2C411D840093F816 /* ContentView.swift */ = {isa = PBXFileReference; lastKnownFileType = sourcecode.swift; path = ContentView.swift; sourceTree = "<group>"; };
		730DC5CF2C411D860093F816 /* Assets.xcassets */ = {isa = PBXFileReference; lastKnownFileType = folder.assetcatalog; path = Assets.xcassets; sourceTree = "<group>"; };
		730DC5D12C411D860093F816 /* notepal.entitlements */ = {isa = PBXFileReference; lastKnownFileType = text.plist.entitlements; path = notepal.entitlements; sourceTree = "<group>"; };
		730DC5D32C411D860093F816 /* Preview Assets.xcassets */ = {isa = PBXFileReference; lastKnownFileType = folder.assetcatalog; path = "Preview Assets.xcassets"; sourceTree = "<group>"; };
		EF776CC42C41268B00C8D119 /* Info.plist */ = {isa = PBXFileReference; lastKnownFileType = text.plist; path = Info.plist; sourceTree = "<group>"; };
		EF776CC82C4129D200C8D119 /* ChecklistModel.swift */ = {isa = PBXFileReference; fileEncoding = 4; lastKnownFileType = sourcecode.swift; path = ChecklistModel.swift; sourceTree = "<group>"; };
		EF776CC92C4129D200C8D119 /* NoteLogModel.swift */ = {isa = PBXFileReference; fileEncoding = 4; lastKnownFileType = sourcecode.swift; path = NoteLogModel.swift; sourceTree = "<group>"; };
		EF776CCA2C4129D200C8D119 /* HabitCategoryModel.swift */ = {isa = PBXFileReference; fileEncoding = 4; lastKnownFileType = sourcecode.swift; path = HabitCategoryModel.swift; sourceTree = "<group>"; };
		EF776CCB2C4129D200C8D119 /* HabitLogModel.swift */ = {isa = PBXFileReference; fileEncoding = 4; lastKnownFileType = sourcecode.swift; path = HabitLogModel.swift; sourceTree = "<group>"; };
		EF776CCC2C4129D200C8D119 /* HabitModel.swift */ = {isa = PBXFileReference; fileEncoding = 4; lastKnownFileType = sourcecode.swift; path = HabitModel.swift; sourceTree = "<group>"; };
		EF776CCD2C4129D200C8D119 /* NoteModel.swift */ = {isa = PBXFileReference; fileEncoding = 4; lastKnownFileType = sourcecode.swift; path = NoteModel.swift; sourceTree = "<group>"; };
		EF776CCE2C4129D200C8D119 /* FolderModel.swift */ = {isa = PBXFileReference; fileEncoding = 4; lastKnownFileType = sourcecode.swift; path = FolderModel.swift; sourceTree = "<group>"; };
		EF776CD62C4129DF00C8D119 /* ToggleCheckboxStyle.swift */ = {isa = PBXFileReference; fileEncoding = 4; lastKnownFileType = sourcecode.swift; path = ToggleCheckboxStyle.swift; sourceTree = "<group>"; };
		EF776D122C412AB800C8D119 /* HabitView.swift */ = {isa = PBXFileReference; fileEncoding = 4; lastKnownFileType = sourcecode.swift; path = HabitView.swift; sourceTree = "<group>"; };
		EF776D132C412AB800C8D119 /* HabitViewModel.swift */ = {isa = PBXFileReference; fileEncoding = 4; lastKnownFileType = sourcecode.swift; path = HabitViewModel.swift; sourceTree = "<group>"; };
		EF776D172C412AF700C8D119 /* HabitCard.swift */ = {isa = PBXFileReference; fileEncoding = 4; lastKnownFileType = sourcecode.swift; path = HabitCard.swift; sourceTree = "<group>"; };
		EF776D182C412AF700C8D119 /* FolderCard.swift */ = {isa = PBXFileReference; fileEncoding = 4; lastKnownFileType = sourcecode.swift; path = FolderCard.swift; sourceTree = "<group>"; };
		EF776D1B2C412B0F00C8D119 /* NoteView.swift */ = {isa = PBXFileReference; fileEncoding = 4; lastKnownFileType = sourcecode.swift; path = NoteView.swift; sourceTree = "<group>"; };
		EF776D1C2C412B0F00C8D119 /* NoteViewModel.swift */ = {isa = PBXFileReference; fileEncoding = 4; lastKnownFileType = sourcecode.swift; path = NoteViewModel.swift; sourceTree = "<group>"; };
		EF776D1F2C412B1C00C8D119 /* RepeatNoteDialog.swift */ = {isa = PBXFileReference; fileEncoding = 4; lastKnownFileType = sourcecode.swift; path = RepeatNoteDialog.swift; sourceTree = "<group>"; };
		EF776D202C412B1C00C8D119 /* TextView.swift */ = {isa = PBXFileReference; fileEncoding = 4; lastKnownFileType = sourcecode.swift; path = TextView.swift; sourceTree = "<group>"; };
		EF776D242C412BB200C8D119 /* HabitManager.swift */ = {isa = PBXFileReference; fileEncoding = 4; lastKnownFileType = sourcecode.swift; path = HabitManager.swift; sourceTree = "<group>"; };
		EF776D252C412BB200C8D119 /* SpeechRecognizer.swift */ = {isa = PBXFileReference; fileEncoding = 4; lastKnownFileType = sourcecode.swift; path = SpeechRecognizer.swift; sourceTree = "<group>"; };
		EF776D282C412D5B00C8D119 /* SpeechButton.swift */ = {isa = PBXFileReference; fileEncoding = 4; lastKnownFileType = sourcecode.swift; path = SpeechButton.swift; sourceTree = "<group>"; };
/* End PBXFileReference section */

/* Begin PBXFrameworksBuildPhase section */
		730DC5C52C411D840093F816 /* Frameworks */ = {
			isa = PBXFrameworksBuildPhase;
			buildActionMask = 2147483647;
			files = (
			);
			runOnlyForDeploymentPostprocessing = 0;
		};
/* End PBXFrameworksBuildPhase section */

/* Begin PBXGroup section */
		730DC5BF2C411D840093F816 = {
			isa = PBXGroup;
			children = (
				730DC5CA2C411D840093F816 /* notepal */,
				730DC5C92C411D840093F816 /* Products */,
			);
			sourceTree = "<group>";
		};
		730DC5C92C411D840093F816 /* Products */ = {
			isa = PBXGroup;
			children = (
				730DC5C82C411D840093F816 /* notepal.app */,
			);
			name = Products;
			sourceTree = "<group>";
		};
		730DC5CA2C411D840093F816 /* notepal */ = {
			isa = PBXGroup;
			children = (
				EF776CC42C41268B00C8D119 /* Info.plist */,
				EF776CC02C41260200C8D119 /* Configs */,
				EF776CBE2C4125C400C8D119 /* Models */,
				EF776D232C412BA200C8D119 /* Tools */,
				EF776CBF2C4125CA00C8D119 /* Views */,
				730DC5CB2C411D840093F816 /* notepalApp.swift */,
				730DC5CD2C411D840093F816 /* ContentView.swift */,
				730DC5CF2C411D860093F816 /* Assets.xcassets */,
				730DC5D12C411D860093F816 /* notepal.entitlements */,
				730DC5D22C411D860093F816 /* Preview Content */,
			);
			path = notepal;
			sourceTree = "<group>";
		};
		730DC5D22C411D860093F816 /* Preview Content */ = {
			isa = PBXGroup;
			children = (
				730DC5D32C411D860093F816 /* Preview Assets.xcassets */,
			);
			path = "Preview Content";
			sourceTree = "<group>";
		};
		EF776CBE2C4125C400C8D119 /* Models */ = {
			isa = PBXGroup;
			children = (
				EF776CC82C4129D200C8D119 /* ChecklistModel.swift */,
				EF776CCE2C4129D200C8D119 /* FolderModel.swift */,
				EF776CCA2C4129D200C8D119 /* HabitCategoryModel.swift */,
				EF776CCB2C4129D200C8D119 /* HabitLogModel.swift */,
				EF776CCC2C4129D200C8D119 /* HabitModel.swift */,
				EF776CC92C4129D200C8D119 /* NoteLogModel.swift */,
				EF776CCD2C4129D200C8D119 /* NoteModel.swift */,
			);
			path = Models;
			sourceTree = "<group>";
		};
		EF776CBF2C4125CA00C8D119 /* Views */ = {
			isa = PBXGroup;
			children = (
				EF776D0D2C412A2300C8D119 /* Habit */,
				EF776D0F2C412A2300C8D119 /* Note */,
			);
			path = Views;
			sourceTree = "<group>";
		};
		EF776CC02C41260200C8D119 /* Configs */ = {
			isa = PBXGroup;
			children = (
				EF776CC12C41260800C8D119 /* Styles */,
			);
			path = Configs;
			sourceTree = "<group>";
		};
		EF776CC12C41260800C8D119 /* Styles */ = {
			isa = PBXGroup;
			children = (
				EF776CD62C4129DF00C8D119 /* ToggleCheckboxStyle.swift */,
			);
			path = Styles;
			sourceTree = "<group>";
		};
		EF776D0C2C412A2300C8D119 /* Components */ = {
			isa = PBXGroup;
			children = (
				EF776D282C412D5B00C8D119 /* SpeechButton.swift */,
				EF776D182C412AF700C8D119 /* FolderCard.swift */,
				EF776D172C412AF700C8D119 /* HabitCard.swift */,
			);
			path = Components;
			sourceTree = "<group>";
		};
		EF776D0D2C412A2300C8D119 /* Habit */ = {
			isa = PBXGroup;
			children = (
				EF776D0C2C412A2300C8D119 /* Components */,
				EF776D122C412AB800C8D119 /* HabitView.swift */,
				EF776D132C412AB800C8D119 /* HabitViewModel.swift */,
			);
			path = Habit;
			sourceTree = "<group>";
		};
		EF776D0E2C412A2300C8D119 /* Components */ = {
			isa = PBXGroup;
			children = (
				EF776D1F2C412B1C00C8D119 /* RepeatNoteDialog.swift */,
				EF776D202C412B1C00C8D119 /* TextView.swift */,
			);
			path = Components;
			sourceTree = "<group>";
		};
		EF776D0F2C412A2300C8D119 /* Note */ = {
			isa = PBXGroup;
			children = (
				EF776D0E2C412A2300C8D119 /* Components */,
				EF776D1B2C412B0F00C8D119 /* NoteView.swift */,
				EF776D1C2C412B0F00C8D119 /* NoteViewModel.swift */,
			);
			path = Note;
			sourceTree = "<group>";
		};
		EF776D232C412BA200C8D119 /* Tools */ = {
			isa = PBXGroup;
			children = (
				EF776D242C412BB200C8D119 /* HabitManager.swift */,
				EF776D252C412BB200C8D119 /* SpeechRecognizer.swift */,
			);
			path = Tools;
			sourceTree = "<group>";
		};
/* End PBXGroup section */

/* Begin PBXNativeTarget section */
		730DC5C72C411D840093F816 /* notepal */ = {
			isa = PBXNativeTarget;
			buildConfigurationList = 730DC5D72C411D860093F816 /* Build configuration list for PBXNativeTarget "notepal" */;
			buildPhases = (
				730DC5C42C411D840093F816 /* Sources */,
				730DC5C52C411D840093F816 /* Frameworks */,
				730DC5C62C411D840093F816 /* Resources */,
			);
			buildRules = (
			);
			dependencies = (
			);
			name = notepal;
			productName = notepal;
			productReference = 730DC5C82C411D840093F816 /* notepal.app */;
			productType = "com.apple.product-type.application";
		};
/* End PBXNativeTarget section */

/* Begin PBXProject section */
		730DC5C02C411D840093F816 /* Project object */ = {
			isa = PBXProject;
			attributes = {
				BuildIndependentTargetsInParallel = 1;
				LastSwiftUpdateCheck = 1540;
				LastUpgradeCheck = 1540;
				TargetAttributes = {
					730DC5C72C411D840093F816 = {
						CreatedOnToolsVersion = 15.4;
					};
				};
			};
			buildConfigurationList = 730DC5C32C411D840093F816 /* Build configuration list for PBXProject "notepal" */;
			compatibilityVersion = "Xcode 14.0";
			developmentRegion = en;
			hasScannedForEncodings = 0;
			knownRegions = (
				en,
				Base,
			);
			mainGroup = 730DC5BF2C411D840093F816;
			productRefGroup = 730DC5C92C411D840093F816 /* Products */;
			projectDirPath = "";
			projectRoot = "";
			targets = (
				730DC5C72C411D840093F816 /* notepal */,
			);
		};
/* End PBXProject section */

/* Begin PBXResourcesBuildPhase section */
		730DC5C62C411D840093F816 /* Resources */ = {
			isa = PBXResourcesBuildPhase;
			buildActionMask = 2147483647;
			files = (
				730DC5D42C411D860093F816 /* Preview Assets.xcassets in Resources */,
				730DC5D02C411D860093F816 /* Assets.xcassets in Resources */,
			);
			runOnlyForDeploymentPostprocessing = 0;
		};
/* End PBXResourcesBuildPhase section */

/* Begin PBXSourcesBuildPhase section */
		730DC5C42C411D840093F816 /* Sources */ = {
			isa = PBXSourcesBuildPhase;
			buildActionMask = 2147483647;
			files = (
				EF776D1E2C412B0F00C8D119 /* NoteViewModel.swift in Sources */,
				EF776CD22C4129D200C8D119 /* HabitLogModel.swift in Sources */,
				EF776CD42C4129D200C8D119 /* NoteModel.swift in Sources */,
				EF776D262C412BB200C8D119 /* HabitManager.swift in Sources */,
				EF776CD52C4129D200C8D119 /* FolderModel.swift in Sources */,
				EF776D292C412D5B00C8D119 /* SpeechButton.swift in Sources */,
				EF776D272C412BB200C8D119 /* SpeechRecognizer.swift in Sources */,
				EF776CD02C4129D200C8D119 /* NoteLogModel.swift in Sources */,
				EF776CD72C4129DF00C8D119 /* ToggleCheckboxStyle.swift in Sources */,
				730DC5CE2C411D840093F816 /* ContentView.swift in Sources */,
				EF776D1A2C412AF700C8D119 /* FolderCard.swift in Sources */,
				EF776CD32C4129D200C8D119 /* HabitModel.swift in Sources */,
				EF776D212C412B1C00C8D119 /* RepeatNoteDialog.swift in Sources */,
				EF776CCF2C4129D200C8D119 /* ChecklistModel.swift in Sources */,
				EF776D142C412AB800C8D119 /* HabitView.swift in Sources */,
				EF776CD12C4129D200C8D119 /* HabitCategoryModel.swift in Sources */,
				EF776D1D2C412B0F00C8D119 /* NoteView.swift in Sources */,
				730DC5CC2C411D840093F816 /* notepalApp.swift in Sources */,
				EF776D222C412B1C00C8D119 /* TextView.swift in Sources */,
				EF776D192C412AF700C8D119 /* HabitCard.swift in Sources */,
				EF776D152C412AB800C8D119 /* HabitViewModel.swift in Sources */,
			);
			runOnlyForDeploymentPostprocessing = 0;
		};
/* End PBXSourcesBuildPhase section */

/* Begin XCBuildConfiguration section */
		730DC5D52C411D860093F816 /* Debug */ = {
			isa = XCBuildConfiguration;
			buildSettings = {
				ALWAYS_SEARCH_USER_PATHS = NO;
				ASSETCATALOG_COMPILER_GENERATE_SWIFT_ASSET_SYMBOL_EXTENSIONS = YES;
				CLANG_ANALYZER_NONNULL = YES;
				CLANG_ANALYZER_NUMBER_OBJECT_CONVERSION = YES_AGGRESSIVE;
				CLANG_CXX_LANGUAGE_STANDARD = "gnu++20";
				CLANG_ENABLE_MODULES = YES;
				CLANG_ENABLE_OBJC_ARC = YES;
				CLANG_ENABLE_OBJC_WEAK = YES;
				CLANG_WARN_BLOCK_CAPTURE_AUTORELEASING = YES;
				CLANG_WARN_BOOL_CONVERSION = YES;
				CLANG_WARN_COMMA = YES;
				CLANG_WARN_CONSTANT_CONVERSION = YES;
				CLANG_WARN_DEPRECATED_OBJC_IMPLEMENTATIONS = YES;
				CLANG_WARN_DIRECT_OBJC_ISA_USAGE = YES_ERROR;
				CLANG_WARN_DOCUMENTATION_COMMENTS = YES;
				CLANG_WARN_EMPTY_BODY = YES;
				CLANG_WARN_ENUM_CONVERSION = YES;
				CLANG_WARN_INFINITE_RECURSION = YES;
				CLANG_WARN_INT_CONVERSION = YES;
				CLANG_WARN_NON_LITERAL_NULL_CONVERSION = YES;
				CLANG_WARN_OBJC_IMPLICIT_RETAIN_SELF = YES;
				CLANG_WARN_OBJC_LITERAL_CONVERSION = YES;
				CLANG_WARN_OBJC_ROOT_CLASS = YES_ERROR;
				CLANG_WARN_QUOTED_INCLUDE_IN_FRAMEWORK_HEADER = YES;
				CLANG_WARN_RANGE_LOOP_ANALYSIS = YES;
				CLANG_WARN_STRICT_PROTOTYPES = YES;
				CLANG_WARN_SUSPICIOUS_MOVE = YES;
				CLANG_WARN_UNGUARDED_AVAILABILITY = YES_AGGRESSIVE;
				CLANG_WARN_UNREACHABLE_CODE = YES;
				CLANG_WARN__DUPLICATE_METHOD_MATCH = YES;
				COPY_PHASE_STRIP = NO;
				DEBUG_INFORMATION_FORMAT = dwarf;
				ENABLE_STRICT_OBJC_MSGSEND = YES;
				ENABLE_TESTABILITY = YES;
				ENABLE_USER_SCRIPT_SANDBOXING = YES;
				GCC_C_LANGUAGE_STANDARD = gnu17;
				GCC_DYNAMIC_NO_PIC = NO;
				GCC_NO_COMMON_BLOCKS = YES;
				GCC_OPTIMIZATION_LEVEL = 0;
				GCC_PREPROCESSOR_DEFINITIONS = (
					"DEBUG=1",
					"$(inherited)",
				);
				GCC_WARN_64_TO_32_BIT_CONVERSION = YES;
				GCC_WARN_ABOUT_RETURN_TYPE = YES_ERROR;
				GCC_WARN_UNDECLARED_SELECTOR = YES;
				GCC_WARN_UNINITIALIZED_AUTOS = YES_AGGRESSIVE;
				GCC_WARN_UNUSED_FUNCTION = YES;
				GCC_WARN_UNUSED_VARIABLE = YES;
				LOCALIZATION_PREFERS_STRING_CATALOGS = YES;
				MTL_ENABLE_DEBUG_INFO = INCLUDE_SOURCE;
				MTL_FAST_MATH = YES;
				ONLY_ACTIVE_ARCH = YES;
				SWIFT_ACTIVE_COMPILATION_CONDITIONS = "DEBUG $(inherited)";
				SWIFT_OPTIMIZATION_LEVEL = "-Onone";
			};
			name = Debug;
		};
		730DC5D62C411D860093F816 /* Release */ = {
			isa = XCBuildConfiguration;
			buildSettings = {
				ALWAYS_SEARCH_USER_PATHS = NO;
				ASSETCATALOG_COMPILER_GENERATE_SWIFT_ASSET_SYMBOL_EXTENSIONS = YES;
				CLANG_ANALYZER_NONNULL = YES;
				CLANG_ANALYZER_NUMBER_OBJECT_CONVERSION = YES_AGGRESSIVE;
				CLANG_CXX_LANGUAGE_STANDARD = "gnu++20";
				CLANG_ENABLE_MODULES = YES;
				CLANG_ENABLE_OBJC_ARC = YES;
				CLANG_ENABLE_OBJC_WEAK = YES;
				CLANG_WARN_BLOCK_CAPTURE_AUTORELEASING = YES;
				CLANG_WARN_BOOL_CONVERSION = YES;
				CLANG_WARN_COMMA = YES;
				CLANG_WARN_CONSTANT_CONVERSION = YES;
				CLANG_WARN_DEPRECATED_OBJC_IMPLEMENTATIONS = YES;
				CLANG_WARN_DIRECT_OBJC_ISA_USAGE = YES_ERROR;
				CLANG_WARN_DOCUMENTATION_COMMENTS = YES;
				CLANG_WARN_EMPTY_BODY = YES;
				CLANG_WARN_ENUM_CONVERSION = YES;
				CLANG_WARN_INFINITE_RECURSION = YES;
				CLANG_WARN_INT_CONVERSION = YES;
				CLANG_WARN_NON_LITERAL_NULL_CONVERSION = YES;
				CLANG_WARN_OBJC_IMPLICIT_RETAIN_SELF = YES;
				CLANG_WARN_OBJC_LITERAL_CONVERSION = YES;
				CLANG_WARN_OBJC_ROOT_CLASS = YES_ERROR;
				CLANG_WARN_QUOTED_INCLUDE_IN_FRAMEWORK_HEADER = YES;
				CLANG_WARN_RANGE_LOOP_ANALYSIS = YES;
				CLANG_WARN_STRICT_PROTOTYPES = YES;
				CLANG_WARN_SUSPICIOUS_MOVE = YES;
				CLANG_WARN_UNGUARDED_AVAILABILITY = YES_AGGRESSIVE;
				CLANG_WARN_UNREACHABLE_CODE = YES;
				CLANG_WARN__DUPLICATE_METHOD_MATCH = YES;
				COPY_PHASE_STRIP = NO;
				DEBUG_INFORMATION_FORMAT = "dwarf-with-dsym";
				ENABLE_NS_ASSERTIONS = NO;
				ENABLE_STRICT_OBJC_MSGSEND = YES;
				ENABLE_USER_SCRIPT_SANDBOXING = YES;
				GCC_C_LANGUAGE_STANDARD = gnu17;
				GCC_NO_COMMON_BLOCKS = YES;
				GCC_WARN_64_TO_32_BIT_CONVERSION = YES;
				GCC_WARN_ABOUT_RETURN_TYPE = YES_ERROR;
				GCC_WARN_UNDECLARED_SELECTOR = YES;
				GCC_WARN_UNINITIALIZED_AUTOS = YES_AGGRESSIVE;
				GCC_WARN_UNUSED_FUNCTION = YES;
				GCC_WARN_UNUSED_VARIABLE = YES;
				LOCALIZATION_PREFERS_STRING_CATALOGS = YES;
				MTL_ENABLE_DEBUG_INFO = NO;
				MTL_FAST_MATH = YES;
				SWIFT_COMPILATION_MODE = wholemodule;
			};
			name = Release;
		};
		730DC5D82C411D860093F816 /* Debug */ = {
			isa = XCBuildConfiguration;
			buildSettings = {
				ASSETCATALOG_COMPILER_APPICON_NAME = AppIcon;
				ASSETCATALOG_COMPILER_GLOBAL_ACCENT_COLOR_NAME = AccentColor;
				CODE_SIGN_ENTITLEMENTS = notepal/notepal.entitlements;
				CODE_SIGN_STYLE = Automatic;
				CURRENT_PROJECT_VERSION = 1;
				DEVELOPMENT_ASSET_PATHS = "\"notepal/Preview Content\"";
				DEVELOPMENT_TEAM = DP3K3GBL6K;
				ENABLE_HARDENED_RUNTIME = YES;
				ENABLE_PREVIEWS = YES;
				GENERATE_INFOPLIST_FILE = YES;
				INFOPLIST_FILE = notepal/Info.plist;
				"INFOPLIST_KEY_UIApplicationSceneManifest_Generation[sdk=iphoneos*]" = YES;
				"INFOPLIST_KEY_UIApplicationSceneManifest_Generation[sdk=iphonesimulator*]" = YES;
				"INFOPLIST_KEY_UIApplicationSupportsIndirectInputEvents[sdk=iphoneos*]" = YES;
				"INFOPLIST_KEY_UIApplicationSupportsIndirectInputEvents[sdk=iphonesimulator*]" = YES;
				"INFOPLIST_KEY_UILaunchScreen_Generation[sdk=iphoneos*]" = YES;
				"INFOPLIST_KEY_UILaunchScreen_Generation[sdk=iphonesimulator*]" = YES;
				"INFOPLIST_KEY_UIStatusBarStyle[sdk=iphoneos*]" = UIStatusBarStyleDefault;
				"INFOPLIST_KEY_UIStatusBarStyle[sdk=iphonesimulator*]" = UIStatusBarStyleDefault;
				INFOPLIST_KEY_UISupportedInterfaceOrientations_iPad = "UIInterfaceOrientationPortrait UIInterfaceOrientationPortraitUpsideDown UIInterfaceOrientationLandscapeLeft UIInterfaceOrientationLandscapeRight";
				INFOPLIST_KEY_UISupportedInterfaceOrientations_iPhone = "UIInterfaceOrientationPortrait UIInterfaceOrientationLandscapeLeft UIInterfaceOrientationLandscapeRight";
				IPHONEOS_DEPLOYMENT_TARGET = 17.5;
				LD_RUNPATH_SEARCH_PATHS = "@executable_path/Frameworks";
				"LD_RUNPATH_SEARCH_PATHS[sdk=macosx*]" = "@executable_path/../Frameworks";
				MACOSX_DEPLOYMENT_TARGET = 14.5;
				MARKETING_VERSION = 1.0;
				PRODUCT_BUNDLE_IDENTIFIER = com.dasontio.notepal;
				PRODUCT_NAME = "$(TARGET_NAME)";
				SDKROOT = auto;
				SUPPORTED_PLATFORMS = "iphoneos iphonesimulator macosx";
				SWIFT_EMIT_LOC_STRINGS = YES;
				SWIFT_VERSION = 5.0;
				TARGETED_DEVICE_FAMILY = "1,2";
			};
			name = Debug;
		};
		730DC5D92C411D860093F816 /* Release */ = {
			isa = XCBuildConfiguration;
			buildSettings = {
				ASSETCATALOG_COMPILER_APPICON_NAME = AppIcon;
				ASSETCATALOG_COMPILER_GLOBAL_ACCENT_COLOR_NAME = AccentColor;
				CODE_SIGN_ENTITLEMENTS = notepal/notepal.entitlements;
				CODE_SIGN_STYLE = Automatic;
				CURRENT_PROJECT_VERSION = 1;
				DEVELOPMENT_ASSET_PATHS = "\"notepal/Preview Content\"";
				DEVELOPMENT_TEAM = DP3K3GBL6K;
				ENABLE_HARDENED_RUNTIME = YES;
				ENABLE_PREVIEWS = YES;
				GENERATE_INFOPLIST_FILE = YES;
				INFOPLIST_FILE = notepal/Info.plist;
				"INFOPLIST_KEY_UIApplicationSceneManifest_Generation[sdk=iphoneos*]" = YES;
				"INFOPLIST_KEY_UIApplicationSceneManifest_Generation[sdk=iphonesimulator*]" = YES;
				"INFOPLIST_KEY_UIApplicationSupportsIndirectInputEvents[sdk=iphoneos*]" = YES;
				"INFOPLIST_KEY_UIApplicationSupportsIndirectInputEvents[sdk=iphonesimulator*]" = YES;
				"INFOPLIST_KEY_UILaunchScreen_Generation[sdk=iphoneos*]" = YES;
				"INFOPLIST_KEY_UILaunchScreen_Generation[sdk=iphonesimulator*]" = YES;
				"INFOPLIST_KEY_UIStatusBarStyle[sdk=iphoneos*]" = UIStatusBarStyleDefault;
				"INFOPLIST_KEY_UIStatusBarStyle[sdk=iphonesimulator*]" = UIStatusBarStyleDefault;
				INFOPLIST_KEY_UISupportedInterfaceOrientations_iPad = "UIInterfaceOrientationPortrait UIInterfaceOrientationPortraitUpsideDown UIInterfaceOrientationLandscapeLeft UIInterfaceOrientationLandscapeRight";
				INFOPLIST_KEY_UISupportedInterfaceOrientations_iPhone = "UIInterfaceOrientationPortrait UIInterfaceOrientationLandscapeLeft UIInterfaceOrientationLandscapeRight";
				IPHONEOS_DEPLOYMENT_TARGET = 17.5;
				LD_RUNPATH_SEARCH_PATHS = "@executable_path/Frameworks";
				"LD_RUNPATH_SEARCH_PATHS[sdk=macosx*]" = "@executable_path/../Frameworks";
				MACOSX_DEPLOYMENT_TARGET = 14.5;
				MARKETING_VERSION = 1.0;
				PRODUCT_BUNDLE_IDENTIFIER = com.dasontio.notepal;
				PRODUCT_NAME = "$(TARGET_NAME)";
				SDKROOT = auto;
				SUPPORTED_PLATFORMS = "iphoneos iphonesimulator macosx";
				SWIFT_EMIT_LOC_STRINGS = YES;
				SWIFT_VERSION = 5.0;
				TARGETED_DEVICE_FAMILY = "1,2";
			};
			name = Release;
		};
/* End XCBuildConfiguration section */

/* Begin XCConfigurationList section */
		730DC5C32C411D840093F816 /* Build configuration list for PBXProject "notepal" */ = {
			isa = XCConfigurationList;
			buildConfigurations = (
				730DC5D52C411D860093F816 /* Debug */,
				730DC5D62C411D860093F816 /* Release */,
			);
			defaultConfigurationIsVisible = 0;
			defaultConfigurationName = Release;
		};
		730DC5D72C411D860093F816 /* Build configuration list for PBXNativeTarget "notepal" */ = {
			isa = XCConfigurationList;
			buildConfigurations = (
				730DC5D82C411D860093F816 /* Debug */,
				730DC5D92C411D860093F816 /* Release */,
			);
			defaultConfigurationIsVisible = 0;
			defaultConfigurationName = Release;
		};
/* End XCConfigurationList section */
	};
	rootObject = 730DC5C02C411D840093F816 /* Project object */;
}
